// !$*UTF8*$!
{
	archiveVersion = 1;
	classes = {
	};
	objectVersion = 50;
	objects = {

/* Begin PBXBuildFile section */
		C93A012C22F48C7900797820 /* Outfit.storyboard in Resources */ = {isa = PBXBuildFile; fileRef = C93A012B22F48C7900797820 /* Outfit.storyboard */; };
		C93A012E22F48DC200797820 /* OutfitCategoryCollectionViewController.swift in Sources */ = {isa = PBXBuildFile; fileRef = C93A012D22F48DC200797820 /* OutfitCategoryCollectionViewController.swift */; };
		C96DEE6C22F37C68007A28DD /* AppDelegate.swift in Sources */ = {isa = PBXBuildFile; fileRef = C96DEE6B22F37C68007A28DD /* AppDelegate.swift */; };
		C96DEE6E22F37C68007A28DD /* HomeViewController.swift in Sources */ = {isa = PBXBuildFile; fileRef = C96DEE6D22F37C68007A28DD /* HomeViewController.swift */; };
		C96DEE7122F37C68007A28DD /* Main.storyboard in Resources */ = {isa = PBXBuildFile; fileRef = C96DEE6F22F37C68007A28DD /* Main.storyboard */; };
		C96DEE7422F37C68007A28DD /* Klozet.xcdatamodeld in Sources */ = {isa = PBXBuildFile; fileRef = C96DEE7222F37C68007A28DD /* Klozet.xcdatamodeld */; };
		C96DEE7622F37C6E007A28DD /* Assets.xcassets in Resources */ = {isa = PBXBuildFile; fileRef = C96DEE7522F37C6E007A28DD /* Assets.xcassets */; };
		C96DEE7922F37C6E007A28DD /* LaunchScreen.storyboard in Resources */ = {isa = PBXBuildFile; fileRef = C96DEE7722F37C6E007A28DD /* LaunchScreen.storyboard */; };
		C96DEE8422F37C6E007A28DD /* KlozetTests.swift in Sources */ = {isa = PBXBuildFile; fileRef = C96DEE8322F37C6E007A28DD /* KlozetTests.swift */; };
		C96DEE8F22F37C6E007A28DD /* KlozetUITests.swift in Sources */ = {isa = PBXBuildFile; fileRef = C96DEE8E22F37C6E007A28DD /* KlozetUITests.swift */; };
		DE69C04422F618D90009A3A6 /* Home.storyboard in Resources */ = {isa = PBXBuildFile; fileRef = DE69C04322F618D90009A3A6 /* Home.storyboard */; };
		DE69C04622F61FC40009A3A6 /* Item.storyboard in Resources */ = {isa = PBXBuildFile; fileRef = DE69C04522F61FC40009A3A6 /* Item.storyboard */; };
		DE69C04822F622140009A3A6 /* ItemCategoryCollectionViewController.swift in Sources */ = {isa = PBXBuildFile; fileRef = DE69C04722F622140009A3A6 /* ItemCategoryCollectionViewController.swift */; };
		DE69C04E22F622B20009A3A6 /* CategoryCollectionViewCell.swift in Sources */ = {isa = PBXBuildFile; fileRef = DE69C04C22F622B20009A3A6 /* CategoryCollectionViewCell.swift */; };
		DE69C04F22F622B20009A3A6 /* CategoryCollectionViewCell.xib in Resources */ = {isa = PBXBuildFile; fileRef = DE69C04D22F622B20009A3A6 /* CategoryCollectionViewCell.xib */; };
		DE69C05322F6564B0009A3A6 /* MyString.swift in Sources */ = {isa = PBXBuildFile; fileRef = DE69C05222F6564B0009A3A6 /* MyString.swift */; };
		DE69C05522F656A50009A3A6 /* MyColor.swift in Sources */ = {isa = PBXBuildFile; fileRef = DE69C05422F656A50009A3A6 /* MyColor.swift */; };
		DE69C05722F682F40009A3A6 /* ItemCollectionViewController.swift in Sources */ = {isa = PBXBuildFile; fileRef = DE69C05622F682F40009A3A6 /* ItemCollectionViewController.swift */; };
		DE69C05A22F765D60009A3A6 /* ItemCategoryViewControllerTest.swift in Sources */ = {isa = PBXBuildFile; fileRef = DE69C05922F765D60009A3A6 /* ItemCategoryViewControllerTest.swift */; };
		DE69C05D22F766BE0009A3A6 /* MyController.swift in Sources */ = {isa = PBXBuildFile; fileRef = DE69C05C22F766BE0009A3A6 /* MyController.swift */; };
		DE69C05E22F7686D0009A3A6 /* MyController.swift in Sources */ = {isa = PBXBuildFile; fileRef = DE69C05C22F766BE0009A3A6 /* MyController.swift */; };
		DE69C05F22F7686E0009A3A6 /* MyController.swift in Sources */ = {isa = PBXBuildFile; fileRef = DE69C05C22F766BE0009A3A6 /* MyController.swift */; };
		DE69C06222F79D450009A3A6 /* CellSelectDelegate.swift in Sources */ = {isa = PBXBuildFile; fileRef = DE69C06122F79D450009A3A6 /* CellSelectDelegate.swift */; };
		DE69C06622F7A4F70009A3A6 /* CellSelectDelegateMock.swift in Sources */ = {isa = PBXBuildFile; fileRef = DE69C06522F7A4F70009A3A6 /* CellSelectDelegateMock.swift */; };
		DE69C06822F7A9BE0009A3A6 /* MyData.swift in Sources */ = {isa = PBXBuildFile; fileRef = DE69C06722F7A9BE0009A3A6 /* MyData.swift */; };
		DE69C06B22F7ABC10009A3A6 /* MyDataMock.swift in Sources */ = {isa = PBXBuildFile; fileRef = DE69C06A22F7ABC10009A3A6 /* MyDataMock.swift */; };
/* End PBXBuildFile section */

/* Begin PBXContainerItemProxy section */
		C96DEE8022F37C6E007A28DD /* PBXContainerItemProxy */ = {
			isa = PBXContainerItemProxy;
			containerPortal = C96DEE6022F37C68007A28DD /* Project object */;
			proxyType = 1;
			remoteGlobalIDString = C96DEE6722F37C68007A28DD;
			remoteInfo = Klozet;
		};
		C96DEE8B22F37C6E007A28DD /* PBXContainerItemProxy */ = {
			isa = PBXContainerItemProxy;
			containerPortal = C96DEE6022F37C68007A28DD /* Project object */;
			proxyType = 1;
			remoteGlobalIDString = C96DEE6722F37C68007A28DD;
			remoteInfo = Klozet;
		};
/* End PBXContainerItemProxy section */

/* Begin PBXFileReference section */
		C93A012B22F48C7900797820 /* Outfit.storyboard */ = {isa = PBXFileReference; lastKnownFileType = file.storyboard; path = Outfit.storyboard; sourceTree = "<group>"; };
		C93A012D22F48DC200797820 /* OutfitCategoryCollectionViewController.swift */ = {isa = PBXFileReference; lastKnownFileType = sourcecode.swift; path = OutfitCategoryCollectionViewController.swift; sourceTree = "<group>"; };
		C96DEE6822F37C68007A28DD /* Klozet.app */ = {isa = PBXFileReference; explicitFileType = wrapper.application; includeInIndex = 0; path = Klozet.app; sourceTree = BUILT_PRODUCTS_DIR; };
		C96DEE6B22F37C68007A28DD /* AppDelegate.swift */ = {isa = PBXFileReference; lastKnownFileType = sourcecode.swift; path = AppDelegate.swift; sourceTree = "<group>"; };
		C96DEE6D22F37C68007A28DD /* HomeViewController.swift */ = {isa = PBXFileReference; lastKnownFileType = sourcecode.swift; path = HomeViewController.swift; sourceTree = "<group>"; };
		C96DEE7022F37C68007A28DD /* Base */ = {isa = PBXFileReference; lastKnownFileType = file.storyboard; name = Base; path = Base.lproj/Main.storyboard; sourceTree = "<group>"; };
		C96DEE7322F37C68007A28DD /* Klozet.xcdatamodel */ = {isa = PBXFileReference; lastKnownFileType = wrapper.xcdatamodel; path = Klozet.xcdatamodel; sourceTree = "<group>"; };
		C96DEE7522F37C6E007A28DD /* Assets.xcassets */ = {isa = PBXFileReference; lastKnownFileType = folder.assetcatalog; path = Assets.xcassets; sourceTree = "<group>"; };
		C96DEE7822F37C6E007A28DD /* Base */ = {isa = PBXFileReference; lastKnownFileType = file.storyboard; name = Base; path = Base.lproj/LaunchScreen.storyboard; sourceTree = "<group>"; };
		C96DEE7A22F37C6E007A28DD /* Info.plist */ = {isa = PBXFileReference; lastKnownFileType = text.plist.xml; path = Info.plist; sourceTree = "<group>"; };
		C96DEE7F22F37C6E007A28DD /* KlozetTests.xctest */ = {isa = PBXFileReference; explicitFileType = wrapper.cfbundle; includeInIndex = 0; path = KlozetTests.xctest; sourceTree = BUILT_PRODUCTS_DIR; };
		C96DEE8322F37C6E007A28DD /* KlozetTests.swift */ = {isa = PBXFileReference; lastKnownFileType = sourcecode.swift; path = KlozetTests.swift; sourceTree = "<group>"; };
		C96DEE8522F37C6E007A28DD /* Info.plist */ = {isa = PBXFileReference; lastKnownFileType = text.plist.xml; path = Info.plist; sourceTree = "<group>"; };
		C96DEE8A22F37C6E007A28DD /* KlozetUITests.xctest */ = {isa = PBXFileReference; explicitFileType = wrapper.cfbundle; includeInIndex = 0; path = KlozetUITests.xctest; sourceTree = BUILT_PRODUCTS_DIR; };
		C96DEE8E22F37C6E007A28DD /* KlozetUITests.swift */ = {isa = PBXFileReference; lastKnownFileType = sourcecode.swift; path = KlozetUITests.swift; sourceTree = "<group>"; };
		C96DEE9022F37C6E007A28DD /* Info.plist */ = {isa = PBXFileReference; lastKnownFileType = text.plist.xml; path = Info.plist; sourceTree = "<group>"; };
		DE69C04322F618D90009A3A6 /* Home.storyboard */ = {isa = PBXFileReference; lastKnownFileType = file.storyboard; path = Home.storyboard; sourceTree = "<group>"; };
		DE69C04522F61FC40009A3A6 /* Item.storyboard */ = {isa = PBXFileReference; lastKnownFileType = file.storyboard; path = Item.storyboard; sourceTree = "<group>"; };
		DE69C04722F622140009A3A6 /* ItemCategoryCollectionViewController.swift */ = {isa = PBXFileReference; lastKnownFileType = sourcecode.swift; path = ItemCategoryCollectionViewController.swift; sourceTree = "<group>"; };
		DE69C04C22F622B20009A3A6 /* CategoryCollectionViewCell.swift */ = {isa = PBXFileReference; lastKnownFileType = sourcecode.swift; name = CategoryCollectionViewCell.swift; path = Klozet/Controllers/CategoryCollectionViewCell.swift; sourceTree = SOURCE_ROOT; };
		DE69C04D22F622B20009A3A6 /* CategoryCollectionViewCell.xib */ = {isa = PBXFileReference; lastKnownFileType = file.xib; name = CategoryCollectionViewCell.xib; path = Klozet/Controllers/CategoryCollectionViewCell.xib; sourceTree = SOURCE_ROOT; };
		DE69C05222F6564B0009A3A6 /* MyString.swift */ = {isa = PBXFileReference; fileEncoding = 4; lastKnownFileType = sourcecode.swift; path = MyString.swift; sourceTree = "<group>"; };
		DE69C05422F656A50009A3A6 /* MyColor.swift */ = {isa = PBXFileReference; lastKnownFileType = sourcecode.swift; path = MyColor.swift; sourceTree = "<group>"; };
		DE69C05622F682F40009A3A6 /* ItemCollectionViewController.swift */ = {isa = PBXFileReference; lastKnownFileType = sourcecode.swift; path = ItemCollectionViewController.swift; sourceTree = "<group>"; };
		DE69C05922F765D60009A3A6 /* ItemCategoryViewControllerTest.swift */ = {isa = PBXFileReference; lastKnownFileType = sourcecode.swift; path = ItemCategoryViewControllerTest.swift; sourceTree = "<group>"; };
		DE69C05C22F766BE0009A3A6 /* MyController.swift */ = {isa = PBXFileReference; lastKnownFileType = sourcecode.swift; path = MyController.swift; sourceTree = "<group>"; };
		DE69C06122F79D450009A3A6 /* CellSelectDelegate.swift */ = {isa = PBXFileReference; lastKnownFileType = sourcecode.swift; path = CellSelectDelegate.swift; sourceTree = "<group>"; };
		DE69C06522F7A4F70009A3A6 /* CellSelectDelegateMock.swift */ = {isa = PBXFileReference; lastKnownFileType = sourcecode.swift; path = CellSelectDelegateMock.swift; sourceTree = "<group>"; };
		DE69C06722F7A9BE0009A3A6 /* MyData.swift */ = {isa = PBXFileReference; lastKnownFileType = sourcecode.swift; path = MyData.swift; sourceTree = "<group>"; };
		DE69C06A22F7ABC10009A3A6 /* MyDataMock.swift */ = {isa = PBXFileReference; lastKnownFileType = sourcecode.swift; path = MyDataMock.swift; sourceTree = "<group>"; };
/* End PBXFileReference section */

/* Begin PBXFrameworksBuildPhase section */
		C96DEE6522F37C68007A28DD /* Frameworks */ = {
			isa = PBXFrameworksBuildPhase;
			buildActionMask = 2147483647;
			files = (
			);
			runOnlyForDeploymentPostprocessing = 0;
		};
		C96DEE7C22F37C6E007A28DD /* Frameworks */ = {
			isa = PBXFrameworksBuildPhase;
			buildActionMask = 2147483647;
			files = (
			);
			runOnlyForDeploymentPostprocessing = 0;
		};
		C96DEE8722F37C6E007A28DD /* Frameworks */ = {
			isa = PBXFrameworksBuildPhase;
			buildActionMask = 2147483647;
			files = (
			);
			runOnlyForDeploymentPostprocessing = 0;
		};
/* End PBXFrameworksBuildPhase section */

/* Begin PBXGroup section */
		C96DEE5F22F37C68007A28DD = {
			isa = PBXGroup;
			children = (
				C96DEE6A22F37C68007A28DD /* Klozet */,
				C96DEE8222F37C6E007A28DD /* KlozetTests */,
				C96DEE8D22F37C6E007A28DD /* KlozetUITests */,
				C96DEE6922F37C68007A28DD /* Products */,
			);
			sourceTree = "<group>";
		};
		C96DEE6922F37C68007A28DD /* Products */ = {
			isa = PBXGroup;
			children = (
				C96DEE6822F37C68007A28DD /* Klozet.app */,
				C96DEE7F22F37C6E007A28DD /* KlozetTests.xctest */,
				C96DEE8A22F37C6E007A28DD /* KlozetUITests.xctest */,
			);
			name = Products;
			sourceTree = "<group>";
		};
		C96DEE6A22F37C68007A28DD /* Klozet */ = {
			isa = PBXGroup;
			children = (
				C9D819D122F38A0B006F98FF /* Resources */,
				C9D819C622F38930006F98FF /* Common */,
				C9D819CC22F3899B006F98FF /* Models */,
				C9D819CD22F389A6006F98FF /* Views */,
				C9D819CE22F389AA006F98FF /* Controllers */,
				C9D819CF22F389C6006F98FF /* Storyboards */,
				C9D819D022F389F2006F98FF /* Project Files */,
				C96DEE7222F37C68007A28DD /* Klozet.xcdatamodeld */,
			);
			path = Klozet;
			sourceTree = "<group>";
		};
		C96DEE8222F37C6E007A28DD /* KlozetTests */ = {
			isa = PBXGroup;
			children = (
				DE69C06322F7A3600009A3A6 /* Common */,
				DE69C05822F7657A0009A3A6 /* Controllers */,
				C96DEE8322F37C6E007A28DD /* KlozetTests.swift */,
				C96DEE8522F37C6E007A28DD /* Info.plist */,
			);
			path = KlozetTests;
			sourceTree = "<group>";
		};
		C96DEE8D22F37C6E007A28DD /* KlozetUITests */ = {
			isa = PBXGroup;
			children = (
				C96DEE8E22F37C6E007A28DD /* KlozetUITests.swift */,
				C96DEE9022F37C6E007A28DD /* Info.plist */,
			);
			path = KlozetUITests;
			sourceTree = "<group>";
		};
		C9D819C622F38930006F98FF /* Common */ = {
			isa = PBXGroup;
			children = (
				DE69C06022F79D090009A3A6 /* Utilities */,
				DE69C05B22F7668B0009A3A6 /* My Classes */,
				C9D819C722F38936006F98FF /* Constants */,
				C9D819C922F38942006F98FF /* Networking */,
				C9D819C822F3893B006F98FF /* Extensions */,
			);
			path = Common;
			sourceTree = "<group>";
		};
		C9D819C722F38936006F98FF /* Constants */ = {
			isa = PBXGroup;
			children = (
				DE69C05222F6564B0009A3A6 /* MyString.swift */,
				DE69C05422F656A50009A3A6 /* MyColor.swift */,
			);
			path = Constants;
			sourceTree = "<group>";
		};
		C9D819C822F3893B006F98FF /* Extensions */ = {
			isa = PBXGroup;
			children = (
			);
			path = Extensions;
			sourceTree = "<group>";
		};
		C9D819C922F38942006F98FF /* Networking */ = {
			isa = PBXGroup;
			children = (
			);
			path = Networking;
			sourceTree = "<group>";
		};
		C9D819CC22F3899B006F98FF /* Models */ = {
			isa = PBXGroup;
			children = (
			);
			path = Models;
			sourceTree = "<group>";
		};
		C9D819CD22F389A6006F98FF /* Views */ = {
			isa = PBXGroup;
			children = (
				DE69C04C22F622B20009A3A6 /* CategoryCollectionViewCell.swift */,
				DE69C04D22F622B20009A3A6 /* CategoryCollectionViewCell.xib */,
			);
			path = Views;
			sourceTree = "<group>";
		};
		C9D819CE22F389AA006F98FF /* Controllers */ = {
			isa = PBXGroup;
			children = (
				DE69C04B22F6222E0009A3A6 /* Outfit */,
				DE69C04A22F622260009A3A6 /* Home */,
				DE69C04922F6221E0009A3A6 /* Item */,
			);
			path = Controllers;
			sourceTree = "<group>";
		};
		C9D819CF22F389C6006F98FF /* Storyboards */ = {
			isa = PBXGroup;
			children = (
				C96DEE6F22F37C68007A28DD /* Main.storyboard */,
				C93A012B22F48C7900797820 /* Outfit.storyboard */,
				DE69C04322F618D90009A3A6 /* Home.storyboard */,
				DE69C04522F61FC40009A3A6 /* Item.storyboard */,
			);
			path = Storyboards;
			sourceTree = "<group>";
		};
		C9D819D022F389F2006F98FF /* Project Files */ = {
			isa = PBXGroup;
			children = (
				C96DEE6B22F37C68007A28DD /* AppDelegate.swift */,
				C96DEE7722F37C6E007A28DD /* LaunchScreen.storyboard */,
				C96DEE7A22F37C6E007A28DD /* Info.plist */,
			);
			path = "Project Files";
			sourceTree = "<group>";
		};
		C9D819D122F38A0B006F98FF /* Resources */ = {
			isa = PBXGroup;
			children = (
				C96DEE7522F37C6E007A28DD /* Assets.xcassets */,
			);
			path = Resources;
			sourceTree = "<group>";
		};
		DE69C04922F6221E0009A3A6 /* Item */ = {
			isa = PBXGroup;
			children = (
				DE69C04722F622140009A3A6 /* ItemCategoryCollectionViewController.swift */,
				DE69C05622F682F40009A3A6 /* ItemCollectionViewController.swift */,
			);
			path = Item;
			sourceTree = "<group>";
		};
		DE69C04A22F622260009A3A6 /* Home */ = {
			isa = PBXGroup;
			children = (
				C96DEE6D22F37C68007A28DD /* HomeViewController.swift */,
			);
			path = Home;
			sourceTree = "<group>";
		};
		DE69C04B22F6222E0009A3A6 /* Outfit */ = {
			isa = PBXGroup;
			children = (
				C93A012D22F48DC200797820 /* OutfitCategoryCollectionViewController.swift */,
			);
			path = Outfit;
			sourceTree = "<group>";
		};
		DE69C05822F7657A0009A3A6 /* Controllers */ = {
			isa = PBXGroup;
			children = (
				DE69C05922F765D60009A3A6 /* ItemCategoryViewControllerTest.swift */,
			);
			path = Controllers;
			sourceTree = "<group>";
		};
		DE69C05B22F7668B0009A3A6 /* My Classes */ = {
			isa = PBXGroup;
			children = (
				DE69C05C22F766BE0009A3A6 /* MyController.swift */,
				DE69C06722F7A9BE0009A3A6 /* MyData.swift */,
			);
			path = "My Classes";
			sourceTree = "<group>";
		};
		DE69C06022F79D090009A3A6 /* Utilities */ = {
			isa = PBXGroup;
			children = (
				DE69C06122F79D450009A3A6 /* CellSelectDelegate.swift */,
			);
			path = Utilities;
			sourceTree = "<group>";
		};
		DE69C06322F7A3600009A3A6 /* Common */ = {
			isa = PBXGroup;
			children = (
				DE69C06922F7AA560009A3A6 /* My Classes */,
				DE69C06422F7A4D50009A3A6 /* Utilities */,
			);
			path = Common;
			sourceTree = "<group>";
		};
		DE69C06422F7A4D50009A3A6 /* Utilities */ = {
			isa = PBXGroup;
			children = (
				DE69C06522F7A4F70009A3A6 /* CellSelectDelegateMock.swift */,
			);
			path = Utilities;
			sourceTree = "<group>";
		};
		DE69C06922F7AA560009A3A6 /* My Classes */ = {
			isa = PBXGroup;
			children = (
				DE69C06A22F7ABC10009A3A6 /* MyDataMock.swift */,
			);
			path = "My Classes";
			sourceTree = "<group>";
		};
/* End PBXGroup section */

/* Begin PBXNativeTarget section */
		C96DEE6722F37C68007A28DD /* Klozet */ = {
			isa = PBXNativeTarget;
			buildConfigurationList = C96DEE9322F37C6E007A28DD /* Build configuration list for PBXNativeTarget "Klozet" */;
			buildPhases = (
				C96DEE6422F37C68007A28DD /* Sources */,
				C96DEE6522F37C68007A28DD /* Frameworks */,
				C96DEE6622F37C68007A28DD /* Resources */,
			);
			buildRules = (
			);
			dependencies = (
			);
			name = Klozet;
			productName = Klozet;
			productReference = C96DEE6822F37C68007A28DD /* Klozet.app */;
			productType = "com.apple.product-type.application";
		};
		C96DEE7E22F37C6E007A28DD /* KlozetTests */ = {
			isa = PBXNativeTarget;
			buildConfigurationList = C96DEE9622F37C6E007A28DD /* Build configuration list for PBXNativeTarget "KlozetTests" */;
			buildPhases = (
				C96DEE7B22F37C6E007A28DD /* Sources */,
				C96DEE7C22F37C6E007A28DD /* Frameworks */,
				C96DEE7D22F37C6E007A28DD /* Resources */,
			);
			buildRules = (
			);
			dependencies = (
				C96DEE8122F37C6E007A28DD /* PBXTargetDependency */,
			);
			name = KlozetTests;
			productName = KlozetTests;
			productReference = C96DEE7F22F37C6E007A28DD /* KlozetTests.xctest */;
			productType = "com.apple.product-type.bundle.unit-test";
		};
		C96DEE8922F37C6E007A28DD /* KlozetUITests */ = {
			isa = PBXNativeTarget;
			buildConfigurationList = C96DEE9922F37C6E007A28DD /* Build configuration list for PBXNativeTarget "KlozetUITests" */;
			buildPhases = (
				C96DEE8622F37C6E007A28DD /* Sources */,
				C96DEE8722F37C6E007A28DD /* Frameworks */,
				C96DEE8822F37C6E007A28DD /* Resources */,
			);
			buildRules = (
			);
			dependencies = (
				C96DEE8C22F37C6E007A28DD /* PBXTargetDependency */,
			);
			name = KlozetUITests;
			productName = KlozetUITests;
			productReference = C96DEE8A22F37C6E007A28DD /* KlozetUITests.xctest */;
			productType = "com.apple.product-type.bundle.ui-testing";
		};
/* End PBXNativeTarget section */

/* Begin PBXProject section */
		C96DEE6022F37C68007A28DD /* Project object */ = {
			isa = PBXProject;
			attributes = {
				LastSwiftUpdateCheck = 1030;
				LastUpgradeCheck = 1030;
				TargetAttributes = {
					C96DEE6722F37C68007A28DD = {
						CreatedOnToolsVersion = 10.3;
					};
					C96DEE7E22F37C6E007A28DD = {
						CreatedOnToolsVersion = 10.3;
						TestTargetID = C96DEE6722F37C68007A28DD;
					};
					C96DEE8922F37C6E007A28DD = {
						CreatedOnToolsVersion = 10.3;
						TestTargetID = C96DEE6722F37C68007A28DD;
					};
				};
			};
			buildConfigurationList = C96DEE6322F37C68007A28DD /* Build configuration list for PBXProject "Klozet" */;
			compatibilityVersion = "Xcode 9.3";
			developmentRegion = en;
			hasScannedForEncodings = 0;
			knownRegions = (
				en,
				Base,
			);
			mainGroup = C96DEE5F22F37C68007A28DD;
			productRefGroup = C96DEE6922F37C68007A28DD /* Products */;
			projectDirPath = "";
			projectRoot = "";
			targets = (
				C96DEE6722F37C68007A28DD /* Klozet */,
				C96DEE7E22F37C6E007A28DD /* KlozetTests */,
				C96DEE8922F37C6E007A28DD /* KlozetUITests */,
			);
		};
/* End PBXProject section */

/* Begin PBXResourcesBuildPhase section */
		C96DEE6622F37C68007A28DD /* Resources */ = {
			isa = PBXResourcesBuildPhase;
			buildActionMask = 2147483647;
			files = (
				C93A012C22F48C7900797820 /* Outfit.storyboard in Resources */,
				DE69C04F22F622B20009A3A6 /* CategoryCollectionViewCell.xib in Resources */,
				DE69C04622F61FC40009A3A6 /* Item.storyboard in Resources */,
				DE69C04422F618D90009A3A6 /* Home.storyboard in Resources */,
				C96DEE7922F37C6E007A28DD /* LaunchScreen.storyboard in Resources */,
				C96DEE7622F37C6E007A28DD /* Assets.xcassets in Resources */,
				C96DEE7122F37C68007A28DD /* Main.storyboard in Resources */,
			);
			runOnlyForDeploymentPostprocessing = 0;
		};
		C96DEE7D22F37C6E007A28DD /* Resources */ = {
			isa = PBXResourcesBuildPhase;
			buildActionMask = 2147483647;
			files = (
			);
			runOnlyForDeploymentPostprocessing = 0;
		};
		C96DEE8822F37C6E007A28DD /* Resources */ = {
			isa = PBXResourcesBuildPhase;
			buildActionMask = 2147483647;
			files = (
			);
			runOnlyForDeploymentPostprocessing = 0;
		};
/* End PBXResourcesBuildPhase section */

/* Begin PBXSourcesBuildPhase section */
		C96DEE6422F37C68007A28DD /* Sources */ = {
			isa = PBXSourcesBuildPhase;
			buildActionMask = 2147483647;
			files = (
				DE69C05322F6564B0009A3A6 /* MyString.swift in Sources */,
				DE69C04822F622140009A3A6 /* ItemCategoryCollectionViewController.swift in Sources */,
				C96DEE6E22F37C68007A28DD /* HomeViewController.swift in Sources */,
				C96DEE7422F37C68007A28DD /* Klozet.xcdatamodeld in Sources */,
				C96DEE6C22F37C68007A28DD /* AppDelegate.swift in Sources */,
				DE69C06222F79D450009A3A6 /* CellSelectDelegate.swift in Sources */,
				DE69C05522F656A50009A3A6 /* MyColor.swift in Sources */,
				DE69C04E22F622B20009A3A6 /* CategoryCollectionViewCell.swift in Sources */,
				C93A012E22F48DC200797820 /* OutfitCategoryCollectionViewController.swift in Sources */,
				DE69C05722F682F40009A3A6 /* ItemCollectionViewController.swift in Sources */,
				DE69C05D22F766BE0009A3A6 /* MyController.swift in Sources */,
				DE69C06822F7A9BE0009A3A6 /* MyData.swift in Sources */,
			);
			runOnlyForDeploymentPostprocessing = 0;
		};
		C96DEE7B22F37C6E007A28DD /* Sources */ = {
			isa = PBXSourcesBuildPhase;
			buildActionMask = 2147483647;
			files = (
				DE69C06622F7A4F70009A3A6 /* CellSelectDelegateMock.swift in Sources */,
				DE69C05E22F7686D0009A3A6 /* MyController.swift in Sources */,
				DE69C06B22F7ABC10009A3A6 /* MyDataMock.swift in Sources */,
				C96DEE8422F37C6E007A28DD /* KlozetTests.swift in Sources */,
				DE69C05A22F765D60009A3A6 /* ItemCategoryViewControllerTest.swift in Sources */,
			);
			runOnlyForDeploymentPostprocessing = 0;
		};
		C96DEE8622F37C6E007A28DD /* Sources */ = {
			isa = PBXSourcesBuildPhase;
			buildActionMask = 2147483647;
			files = (
				C96DEE8F22F37C6E007A28DD /* KlozetUITests.swift in Sources */,
				DE69C05F22F7686E0009A3A6 /* MyController.swift in Sources */,
			);
			runOnlyForDeploymentPostprocessing = 0;
		};
/* End PBXSourcesBuildPhase section */

/* Begin PBXTargetDependency section */
		C96DEE8122F37C6E007A28DD /* PBXTargetDependency */ = {
			isa = PBXTargetDependency;
			target = C96DEE6722F37C68007A28DD /* Klozet */;
			targetProxy = C96DEE8022F37C6E007A28DD /* PBXContainerItemProxy */;
		};
		C96DEE8C22F37C6E007A28DD /* PBXTargetDependency */ = {
			isa = PBXTargetDependency;
			target = C96DEE6722F37C68007A28DD /* Klozet */;
			targetProxy = C96DEE8B22F37C6E007A28DD /* PBXContainerItemProxy */;
		};
/* End PBXTargetDependency section */

/* Begin PBXVariantGroup section */
		C96DEE6F22F37C68007A28DD /* Main.storyboard */ = {
			isa = PBXVariantGroup;
			children = (
				C96DEE7022F37C68007A28DD /* Base */,
			);
			name = Main.storyboard;
			sourceTree = "<group>";
		};
		C96DEE7722F37C6E007A28DD /* LaunchScreen.storyboard */ = {
			isa = PBXVariantGroup;
			children = (
				C96DEE7822F37C6E007A28DD /* Base */,
			);
			name = LaunchScreen.storyboard;
			sourceTree = "<group>";
		};
/* End PBXVariantGroup section */

/* Begin XCBuildConfiguration section */
		C96DEE9122F37C6E007A28DD /* Debug */ = {
			isa = XCBuildConfiguration;
			buildSettings = {
				ALWAYS_SEARCH_USER_PATHS = NO;
				CLANG_ANALYZER_NONNULL = YES;
				CLANG_ANALYZER_NUMBER_OBJECT_CONVERSION = YES_AGGRESSIVE;
				CLANG_CXX_LANGUAGE_STANDARD = "gnu++14";
				CLANG_CXX_LIBRARY = "libc++";
				CLANG_ENABLE_MODULES = YES;
				CLANG_ENABLE_OBJC_ARC = YES;
				CLANG_ENABLE_OBJC_WEAK = YES;
				CLANG_WARN_BLOCK_CAPTURE_AUTORELEASING = YES;
				CLANG_WARN_BOOL_CONVERSION = YES;
				CLANG_WARN_COMMA = YES;
				CLANG_WARN_CONSTANT_CONVERSION = YES;
				CLANG_WARN_DEPRECATED_OBJC_IMPLEMENTATIONS = YES;
				CLANG_WARN_DIRECT_OBJC_ISA_USAGE = YES_ERROR;
				CLANG_WARN_DOCUMENTATION_COMMENTS = YES;
				CLANG_WARN_EMPTY_BODY = YES;
				CLANG_WARN_ENUM_CONVERSION = YES;
				CLANG_WARN_INFINITE_RECURSION = YES;
				CLANG_WARN_INT_CONVERSION = YES;
				CLANG_WARN_NON_LITERAL_NULL_CONVERSION = YES;
				CLANG_WARN_OBJC_IMPLICIT_RETAIN_SELF = YES;
				CLANG_WARN_OBJC_LITERAL_CONVERSION = YES;
				CLANG_WARN_OBJC_ROOT_CLASS = YES_ERROR;
				CLANG_WARN_RANGE_LOOP_ANALYSIS = YES;
				CLANG_WARN_STRICT_PROTOTYPES = YES;
				CLANG_WARN_SUSPICIOUS_MOVE = YES;
				CLANG_WARN_UNGUARDED_AVAILABILITY = YES_AGGRESSIVE;
				CLANG_WARN_UNREACHABLE_CODE = YES;
				CLANG_WARN__DUPLICATE_METHOD_MATCH = YES;
				CODE_SIGN_IDENTITY = "iPhone Developer";
				COPY_PHASE_STRIP = NO;
				DEBUG_INFORMATION_FORMAT = dwarf;
				ENABLE_STRICT_OBJC_MSGSEND = YES;
				ENABLE_TESTABILITY = YES;
				GCC_C_LANGUAGE_STANDARD = gnu11;
				GCC_DYNAMIC_NO_PIC = NO;
				GCC_NO_COMMON_BLOCKS = YES;
				GCC_OPTIMIZATION_LEVEL = 0;
				GCC_PREPROCESSOR_DEFINITIONS = (
					"DEBUG=1",
					"$(inherited)",
				);
				GCC_WARN_64_TO_32_BIT_CONVERSION = YES;
				GCC_WARN_ABOUT_RETURN_TYPE = YES_ERROR;
				GCC_WARN_UNDECLARED_SELECTOR = YES;
				GCC_WARN_UNINITIALIZED_AUTOS = YES_AGGRESSIVE;
				GCC_WARN_UNUSED_FUNCTION = YES;
				GCC_WARN_UNUSED_VARIABLE = YES;
				IPHONEOS_DEPLOYMENT_TARGET = 12.4;
				MTL_ENABLE_DEBUG_INFO = INCLUDE_SOURCE;
				MTL_FAST_MATH = YES;
				ONLY_ACTIVE_ARCH = YES;
				SDKROOT = iphoneos;
				SWIFT_ACTIVE_COMPILATION_CONDITIONS = DEBUG;
				SWIFT_OPTIMIZATION_LEVEL = "-Onone";
			};
			name = Debug;
		};
		C96DEE9222F37C6E007A28DD /* Release */ = {
			isa = XCBuildConfiguration;
			buildSettings = {
				ALWAYS_SEARCH_USER_PATHS = NO;
				CLANG_ANALYZER_NONNULL = YES;
				CLANG_ANALYZER_NUMBER_OBJECT_CONVERSION = YES_AGGRESSIVE;
				CLANG_CXX_LANGUAGE_STANDARD = "gnu++14";
				CLANG_CXX_LIBRARY = "libc++";
				CLANG_ENABLE_MODULES = YES;
				CLANG_ENABLE_OBJC_ARC = YES;
				CLANG_ENABLE_OBJC_WEAK = YES;
				CLANG_WARN_BLOCK_CAPTURE_AUTORELEASING = YES;
				CLANG_WARN_BOOL_CONVERSION = YES;
				CLANG_WARN_COMMA = YES;
				CLANG_WARN_CONSTANT_CONVERSION = YES;
				CLANG_WARN_DEPRECATED_OBJC_IMPLEMENTATIONS = YES;
				CLANG_WARN_DIRECT_OBJC_ISA_USAGE = YES_ERROR;
				CLANG_WARN_DOCUMENTATION_COMMENTS = YES;
				CLANG_WARN_EMPTY_BODY = YES;
				CLANG_WARN_ENUM_CONVERSION = YES;
				CLANG_WARN_INFINITE_RECURSION = YES;
				CLANG_WARN_INT_CONVERSION = YES;
				CLANG_WARN_NON_LITERAL_NULL_CONVERSION = YES;
				CLANG_WARN_OBJC_IMPLICIT_RETAIN_SELF = YES;
				CLANG_WARN_OBJC_LITERAL_CONVERSION = YES;
				CLANG_WARN_OBJC_ROOT_CLASS = YES_ERROR;
				CLANG_WARN_RANGE_LOOP_ANALYSIS = YES;
				CLANG_WARN_STRICT_PROTOTYPES = YES;
				CLANG_WARN_SUSPICIOUS_MOVE = YES;
				CLANG_WARN_UNGUARDED_AVAILABILITY = YES_AGGRESSIVE;
				CLANG_WARN_UNREACHABLE_CODE = YES;
				CLANG_WARN__DUPLICATE_METHOD_MATCH = YES;
				CODE_SIGN_IDENTITY = "iPhone Developer";
				COPY_PHASE_STRIP = NO;
				DEBUG_INFORMATION_FORMAT = "dwarf-with-dsym";
				ENABLE_NS_ASSERTIONS = NO;
				ENABLE_STRICT_OBJC_MSGSEND = YES;
				GCC_C_LANGUAGE_STANDARD = gnu11;
				GCC_NO_COMMON_BLOCKS = YES;
				GCC_WARN_64_TO_32_BIT_CONVERSION = YES;
				GCC_WARN_ABOUT_RETURN_TYPE = YES_ERROR;
				GCC_WARN_UNDECLARED_SELECTOR = YES;
				GCC_WARN_UNINITIALIZED_AUTOS = YES_AGGRESSIVE;
				GCC_WARN_UNUSED_FUNCTION = YES;
				GCC_WARN_UNUSED_VARIABLE = YES;
				IPHONEOS_DEPLOYMENT_TARGET = 12.4;
				MTL_ENABLE_DEBUG_INFO = NO;
				MTL_FAST_MATH = YES;
				SDKROOT = iphoneos;
				SWIFT_COMPILATION_MODE = wholemodule;
				SWIFT_OPTIMIZATION_LEVEL = "-O";
				VALIDATE_PRODUCT = YES;
			};
			name = Release;
		};
		C96DEE9422F37C6E007A28DD /* Debug */ = {
			isa = XCBuildConfiguration;
			buildSettings = {
				ASSETCATALOG_COMPILER_APPICON_NAME = AppIcon;
				CODE_SIGN_STYLE = Automatic;
				DEVELOPMENT_TEAM = H63XNGVZ25;
				INFOPLIST_FILE = "$(SRCROOT)/Klozet/Project Files/Info.plist";
				LD_RUNPATH_SEARCH_PATHS = (
					"$(inherited)",
					"@executable_path/Frameworks",
				);
				PRODUCT_BUNDLE_IDENTIFIER = vox.Klozet;
				PRODUCT_NAME = "$(TARGET_NAME)";
				SWIFT_VERSION = 5.0;
				TARGETED_DEVICE_FAMILY = "1,2";
			};
			name = Debug;
		};
		C96DEE9522F37C6E007A28DD /* Release */ = {
			isa = XCBuildConfiguration;
			buildSettings = {
				ASSETCATALOG_COMPILER_APPICON_NAME = AppIcon;
				CODE_SIGN_STYLE = Automatic;
				DEVELOPMENT_TEAM = H63XNGVZ25;
				INFOPLIST_FILE = "$(SRCROOT)/Klozet/Project Files/Info.plist";
				LD_RUNPATH_SEARCH_PATHS = (
					"$(inherited)",
					"@executable_path/Frameworks",
				);
				PRODUCT_BUNDLE_IDENTIFIER = vox.Klozet;
				PRODUCT_NAME = "$(TARGET_NAME)";
				SWIFT_VERSION = 5.0;
				TARGETED_DEVICE_FAMILY = "1,2";
			};
			name = Release;
		};
		C96DEE9722F37C6E007A28DD /* Debug */ = {
			isa = XCBuildConfiguration;
			buildSettings = {
				ALWAYS_EMBED_SWIFT_STANDARD_LIBRARIES = YES;
				BUNDLE_LOADER = "$(TEST_HOST)";
				CODE_SIGN_STYLE = Automatic;
				DEVELOPMENT_TEAM = H63XNGVZ25;
				INFOPLIST_FILE = KlozetTests/Info.plist;
				LD_RUNPATH_SEARCH_PATHS = (
					"$(inherited)",
					"@executable_path/Frameworks",
					"@loader_path/Frameworks",
				);
				PRODUCT_BUNDLE_IDENTIFIER = vox.KlozetTests;
				PRODUCT_NAME = "$(TARGET_NAME)";
				SWIFT_VERSION = 5.0;
				TARGETED_DEVICE_FAMILY = "1,2";
				TEST_HOST = "$(BUILT_PRODUCTS_DIR)/Klozet.app/Klozet";
			};
			name = Debug;
		};
		C96DEE9822F37C6E007A28DD /* Release */ = {
			isa = XCBuildConfiguration;
			buildSettings = {
				ALWAYS_EMBED_SWIFT_STANDARD_LIBRARIES = YES;
				BUNDLE_LOADER = "$(TEST_HOST)";
				CODE_SIGN_STYLE = Automatic;
				DEVELOPMENT_TEAM = H63XNGVZ25;
				INFOPLIST_FILE = KlozetTests/Info.plist;
				LD_RUNPATH_SEARCH_PATHS = (
					"$(inherited)",
					"@executable_path/Frameworks",
					"@loader_path/Frameworks",
				);
				PRODUCT_BUNDLE_IDENTIFIER = vox.KlozetTests;
				PRODUCT_NAME = "$(TARGET_NAME)";
				SWIFT_VERSION = 5.0;
				TARGETED_DEVICE_FAMILY = "1,2";
				TEST_HOST = "$(BUILT_PRODUCTS_DIR)/Klozet.app/Klozet";
			};
			name = Release;
		};
		C96DEE9A22F37C6E007A28DD /* Debug */ = {
			isa = XCBuildConfiguration;
			buildSettings = {
				ALWAYS_EMBED_SWIFT_STANDARD_LIBRARIES = YES;
				CODE_SIGN_STYLE = Automatic;
				DEVELOPMENT_TEAM = H63XNGVZ25;
				INFOPLIST_FILE = KlozetUITests/Info.plist;
				LD_RUNPATH_SEARCH_PATHS = (
					"$(inherited)",
					"@executable_path/Frameworks",
					"@loader_path/Frameworks",
				);
				PRODUCT_BUNDLE_IDENTIFIER = vox.KlozetUITests;
				PRODUCT_NAME = "$(TARGET_NAME)";
				SWIFT_VERSION = 5.0;
				TARGETED_DEVICE_FAMILY = "1,2";
				TEST_TARGET_NAME = Klozet;
			};
			name = Debug;
		};
		C96DEE9B22F37C6E007A28DD /* Release */ = {
			isa = XCBuildConfiguration;
			buildSettings = {
				ALWAYS_EMBED_SWIFT_STANDARD_LIBRARIES = YES;
				CODE_SIGN_STYLE = Automatic;
				DEVELOPMENT_TEAM = H63XNGVZ25;
				INFOPLIST_FILE = KlozetUITests/Info.plist;
				LD_RUNPATH_SEARCH_PATHS = (
					"$(inherited)",
					"@executable_path/Frameworks",
					"@loader_path/Frameworks",
				);
				PRODUCT_BUNDLE_IDENTIFIER = vox.KlozetUITests;
				PRODUCT_NAME = "$(TARGET_NAME)";
				SWIFT_VERSION = 5.0;
				TARGETED_DEVICE_FAMILY = "1,2";
				TEST_TARGET_NAME = Klozet;
			};
			name = Release;
		};
/* End XCBuildConfiguration section */

/* Begin XCConfigurationList section */
		C96DEE6322F37C68007A28DD /* Build configuration list for PBXProject "Klozet" */ = {
			isa = XCConfigurationList;
			buildConfigurations = (
				C96DEE9122F37C6E007A28DD /* Debug */,
				C96DEE9222F37C6E007A28DD /* Release */,
			);
			defaultConfigurationIsVisible = 0;
			defaultConfigurationName = Release;
		};
		C96DEE9322F37C6E007A28DD /* Build configuration list for PBXNativeTarget "Klozet" */ = {
			isa = XCConfigurationList;
			buildConfigurations = (
				C96DEE9422F37C6E007A28DD /* Debug */,
				C96DEE9522F37C6E007A28DD /* Release */,
			);
			defaultConfigurationIsVisible = 0;
			defaultConfigurationName = Release;
		};
		C96DEE9622F37C6E007A28DD /* Build configuration list for PBXNativeTarget "KlozetTests" */ = {
			isa = XCConfigurationList;
			buildConfigurations = (
				C96DEE9722F37C6E007A28DD /* Debug */,
				C96DEE9822F37C6E007A28DD /* Release */,
			);
			defaultConfigurationIsVisible = 0;
			defaultConfigurationName = Release;
		};
		C96DEE9922F37C6E007A28DD /* Build configuration list for PBXNativeTarget "KlozetUITests" */ = {
			isa = XCConfigurationList;
			buildConfigurations = (
				C96DEE9A22F37C6E007A28DD /* Debug */,
				C96DEE9B22F37C6E007A28DD /* Release */,
			);
			defaultConfigurationIsVisible = 0;
			defaultConfigurationName = Release;
		};
/* End XCConfigurationList section */

/* Begin XCVersionGroup section */
		C96DEE7222F37C68007A28DD /* Klozet.xcdatamodeld */ = {
			isa = XCVersionGroup;
			children = (
				C96DEE7322F37C68007A28DD /* Klozet.xcdatamodel */,
			);
			currentVersion = C96DEE7322F37C68007A28DD /* Klozet.xcdatamodel */;
			path = Klozet.xcdatamodeld;
			sourceTree = "<group>";
			versionGroupType = wrapper.xcdatamodel;
		};
/* End XCVersionGroup section */
	};
	rootObject = C96DEE6022F37C68007A28DD /* Project object */;
}
