// !$*UTF8*$!
{
	archiveVersion = 1;
	classes = {
	};
	objectVersion = 50;
	objects = {

/* Begin PBXBuildFile section */
		C96DEE6C22F37C68007A28DD /* AppDelegate.swift in Sources */ = {isa = PBXBuildFile; fileRef = C96DEE6B22F37C68007A28DD /* AppDelegate.swift */; };
		C96DEE6E22F37C68007A28DD /* HomeViewController.swift in Sources */ = {isa = PBXBuildFile; fileRef = C96DEE6D22F37C68007A28DD /* HomeViewController.swift */; };
		C96DEE7122F37C68007A28DD /* Main.storyboard in Resources */ = {isa = PBXBuildFile; fileRef = C96DEE6F22F37C68007A28DD /* Main.storyboard */; };
		C96DEE7422F37C68007A28DD /* Klozet.xcdatamodeld in Sources */ = {isa = PBXBuildFile; fileRef = C96DEE7222F37C68007A28DD /* Klozet.xcdatamodeld */; };
		C96DEE7622F37C6E007A28DD /* Assets.xcassets in Resources */ = {isa = PBXBuildFile; fileRef = C96DEE7522F37C6E007A28DD /* Assets.xcassets */; };
		C96DEE7922F37C6E007A28DD /* LaunchScreen.storyboard in Resources */ = {isa = PBXBuildFile; fileRef = C96DEE7722F37C6E007A28DD /* LaunchScreen.storyboard */; };
		C96DEE8422F37C6E007A28DD /* KlozetTests.swift in Sources */ = {isa = PBXBuildFile; fileRef = C96DEE8322F37C6E007A28DD /* KlozetTests.swift */; };
		C96DEE8F22F37C6E007A28DD /* KlozetUITests.swift in Sources */ = {isa = PBXBuildFile; fileRef = C96DEE8E22F37C6E007A28DD /* KlozetUITests.swift */; };
/* End PBXBuildFile section */

/* Begin PBXContainerItemProxy section */
		C96DEE8022F37C6E007A28DD /* PBXContainerItemProxy */ = {
			isa = PBXContainerItemProxy;
			containerPortal = C96DEE6022F37C68007A28DD /* Project object */;
			proxyType = 1;
			remoteGlobalIDString = C96DEE6722F37C68007A28DD;
			remoteInfo = Klozet;
		};
		C96DEE8B22F37C6E007A28DD /* PBXContainerItemProxy */ = {
			isa = PBXContainerItemProxy;
			containerPortal = C96DEE6022F37C68007A28DD /* Project object */;
			proxyType = 1;
			remoteGlobalIDString = C96DEE6722F37C68007A28DD;
			remoteInfo = Klozet;
		};
/* End PBXContainerItemProxy section */

/* Begin PBXFileReference section */
		C96DEE6822F37C68007A28DD /* Klozet.app */ = {isa = PBXFileReference; explicitFileType = wrapper.application; includeInIndex = 0; path = Klozet.app; sourceTree = BUILT_PRODUCTS_DIR; };
		C96DEE6B22F37C68007A28DD /* AppDelegate.swift */ = {isa = PBXFileReference; lastKnownFileType = sourcecode.swift; path = AppDelegate.swift; sourceTree = "<group>"; };
		C96DEE6D22F37C68007A28DD /* HomeViewController.swift */ = {isa = PBXFileReference; lastKnownFileType = sourcecode.swift; path = HomeViewController.swift; sourceTree = "<group>"; };
		C96DEE7022F37C68007A28DD /* Base */ = {isa = PBXFileReference; lastKnownFileType = file.storyboard; name = Base; path = Base.lproj/Main.storyboard; sourceTree = "<group>"; };
		C96DEE7322F37C68007A28DD /* Klozet.xcdatamodel */ = {isa = PBXFileReference; lastKnownFileType = wrapper.xcdatamodel; path = Klozet.xcdatamodel; sourceTree = "<group>"; };
		C96DEE7522F37C6E007A28DD /* Assets.xcassets */ = {isa = PBXFileReference; lastKnownFileType = folder.assetcatalog; path = Assets.xcassets; sourceTree = "<group>"; };
		C96DEE7822F37C6E007A28DD /* Base */ = {isa = PBXFileReference; lastKnownFileType = file.storyboard; name = Base; path = Base.lproj/LaunchScreen.storyboard; sourceTree = "<group>"; };
		C96DEE7A22F37C6E007A28DD /* Info.plist */ = {isa = PBXFileReference; lastKnownFileType = text.plist.xml; path = Info.plist; sourceTree = "<group>"; };
		C96DEE7F22F37C6E007A28DD /* KlozetTests.xctest */ = {isa = PBXFileReference; explicitFileType = wrapper.cfbundle; includeInIndex = 0; path = KlozetTests.xctest; sourceTree = BUILT_PRODUCTS_DIR; };
		C96DEE8322F37C6E007A28DD /* KlozetTests.swift */ = {isa = PBXFileReference; lastKnownFileType = sourcecode.swift; path = KlozetTests.swift; sourceTree = "<group>"; };
		C96DEE8522F37C6E007A28DD /* Info.plist */ = {isa = PBXFileReference; lastKnownFileType = text.plist.xml; path = Info.plist; sourceTree = "<group>"; };
		C96DEE8A22F37C6E007A28DD /* KlozetUITests.xctest */ = {isa = PBXFileReference; explicitFileType = wrapper.cfbundle; includeInIndex = 0; path = KlozetUITests.xctest; sourceTree = BUILT_PRODUCTS_DIR; };
		C96DEE8E22F37C6E007A28DD /* KlozetUITests.swift */ = {isa = PBXFileReference; lastKnownFileType = sourcecode.swift; path = KlozetUITests.swift; sourceTree = "<group>"; };
		C96DEE9022F37C6E007A28DD /* Info.plist */ = {isa = PBXFileReference; lastKnownFileType = text.plist.xml; path = Info.plist; sourceTree = "<group>"; };
/* End PBXFileReference section */

/* Begin PBXFrameworksBuildPhase section */
		C96DEE6522F37C68007A28DD /* Frameworks */ = {
			isa = PBXFrameworksBuildPhase;
			buildActionMask = 2147483647;
			files = (
			);
			runOnlyForDeploymentPostprocessing = 0;
		};
		C96DEE7C22F37C6E007A28DD /* Frameworks */ = {
			isa = PBXFrameworksBuildPhase;
			buildActionMask = 2147483647;
			files = (
			);
			runOnlyForDeploymentPostprocessing = 0;
		};
		C96DEE8722F37C6E007A28DD /* Frameworks */ = {
			isa = PBXFrameworksBuildPhase;
			buildActionMask = 2147483647;
			files = (
			);
			runOnlyForDeploymentPostprocessing = 0;
		};
/* End PBXFrameworksBuildPhase section */

/* Begin PBXGroup section */
		C96DEE5F22F37C68007A28DD = {
			isa = PBXGroup;
			children = (
				C96DEE6A22F37C68007A28DD /* Klozet */,
				C96DEE8222F37C6E007A28DD /* KlozetTests */,
				C96DEE8D22F37C6E007A28DD /* KlozetUITests */,
				C96DEE6922F37C68007A28DD /* Products */,
			);
			sourceTree = "<group>";
		};
		C96DEE6922F37C68007A28DD /* Products */ = {
			isa = PBXGroup;
			children = (
				C96DEE6822F37C68007A28DD /* Klozet.app */,
				C96DEE7F22F37C6E007A28DD /* KlozetTests.xctest */,
				C96DEE8A22F37C6E007A28DD /* KlozetUITests.xctest */,
			);
			name = Products;
			sourceTree = "<group>";
		};
		C96DEE6A22F37C68007A28DD /* Klozet */ = {
			isa = PBXGroup;
			children = (
				C9D819D122F38A0B006F98FF /* Resources */,
				C9D819C622F38930006F98FF /* Common */,
				C9D819CC22F3899B006F98FF /* Models */,
				C9D819CD22F389A6006F98FF /* Views */,
				C9D819CE22F389AA006F98FF /* Controllers */,
				C9D819CF22F389C6006F98FF /* Storyboards */,
				C9D819D022F389F2006F98FF /* Project Files */,
				C96DEE7222F37C68007A28DD /* Klozet.xcdatamodeld */,
			);
			path = Klozet;
			sourceTree = "<group>";
		};
		C96DEE8222F37C6E007A28DD /* KlozetTests */ = {
			isa = PBXGroup;
			children = (
				C96DEE8322F37C6E007A28DD /* KlozetTests.swift */,
				C96DEE8522F37C6E007A28DD /* Info.plist */,
			);
			path = KlozetTests;
			sourceTree = "<group>";
		};
		C96DEE8D22F37C6E007A28DD /* KlozetUITests */ = {
			isa = PBXGroup;
			children = (
				C96DEE8E22F37C6E007A28DD /* KlozetUITests.swift */,
				C96DEE9022F37C6E007A28DD /* Info.plist */,
			);
			path = KlozetUITests;
			sourceTree = "<group>";
		};
		C9D819C622F38930006F98FF /* Common */ = {
			isa = PBXGroup;
			children = (
				C9D819CB22F3895B006F98FF /* My Classes */,
				C9D819CA22F38948006F98FF /* Utilities */,
				C9D819C922F38942006F98FF /* Networking */,
				C9D819C822F3893B006F98FF /* Extensions */,
				C9D819C722F38936006F98FF /* Constants */,
			);
			path = Common;
			sourceTree = "<group>";
		};
		C9D819C722F38936006F98FF /* Constants */ = {
			isa = PBXGroup;
			children = (
			);
			path = Constants;
			sourceTree = "<group>";
		};
		C9D819C822F3893B006F98FF /* Extensions */ = {
			isa = PBXGroup;
			children = (
			);
			path = Extensions;
			sourceTree = "<group>";
		};
		C9D819C922F38942006F98FF /* Networking */ = {
			isa = PBXGroup;
			children = (
			);
			path = Networking;
			sourceTree = "<group>";
		};
		C9D819CA22F38948006F98FF /* Utilities */ = {
			isa = PBXGroup;
			children = (
			);
			path = Utilities;
			sourceTree = "<group>";
		};
		C9D819CB22F3895B006F98FF /* My Classes */ = {
			isa = PBXGroup;
			children = (
			);
			path = "My Classes";
			sourceTree = "<group>";
		};
		C9D819CC22F3899B006F98FF /* Models */ = {
			isa = PBXGroup;
			children = (
			);
			path = Models;
			sourceTree = "<group>";
		};
		C9D819CD22F389A6006F98FF /* Views */ = {
			isa = PBXGroup;
			children = (
			);
			path = Views;
			sourceTree = "<group>";
		};
		C9D819CE22F389AA006F98FF /* Controllers */ = {
			isa = PBXGroup;
			children = (
				C96DEE6D22F37C68007A28DD /* HomeViewController.swift */,
			);
			path = Controllers;
			sourceTree = "<group>";
		};
		C9D819CF22F389C6006F98FF /* Storyboards */ = {
			isa = PBXGroup;
			children = (
				C96DEE6F22F37C68007A28DD /* Main.storyboard */,
			);
			path = Storyboards;
			sourceTree = "<group>";
		};
		C9D819D022F389F2006F98FF /* Project Files */ = {
			isa = PBXGroup;
			children = (
				C96DEE6B22F37C68007A28DD /* AppDelegate.swift */,
				C96DEE7722F37C6E007A28DD /* LaunchScreen.storyboard */,
				C96DEE7A22F37C6E007A28DD /* Info.plist */,
			);
			path = "Project Files";
			sourceTree = "<group>";
		};
		C9D819D122F38A0B006F98FF /* Resources */ = {
			isa = PBXGroup;
			children = (
				C96DEE7522F37C6E007A28DD /* Assets.xcassets */,
			);
			path = Resources;
			sourceTree = "<group>";
		};
/* End PBXGroup section */

/* Begin PBXNativeTarget section */
		C96DEE6722F37C68007A28DD /* Klozet */ = {
			isa = PBXNativeTarget;
			buildConfigurationList = C96DEE9322F37C6E007A28DD /* Build configuration list for PBXNativeTarget "Klozet" */;
			buildPhases = (
				C96DEE6422F37C68007A28DD /* Sources */,
				C96DEE6522F37C68007A28DD /* Frameworks */,
				C96DEE6622F37C68007A28DD /* Resources */,
			);
			buildRules = (
			);
			dependencies = (
			);
			name = Klozet;
			productName = Klozet;
			productReference = C96DEE6822F37C68007A28DD /* Klozet.app */;
			productType = "com.apple.product-type.application";
		};
		C96DEE7E22F37C6E007A28DD /* KlozetTests */ = {
			isa = PBXNativeTarget;
			buildConfigurationList = C96DEE9622F37C6E007A28DD /* Build configuration list for PBXNativeTarget "KlozetTests" */;
			buildPhases = (
				C96DEE7B22F37C6E007A28DD /* Sources */,
				C96DEE7C22F37C6E007A28DD /* Frameworks */,
				C96DEE7D22F37C6E007A28DD /* Resources */,
			);
			buildRules = (
			);
			dependencies = (
				C96DEE8122F37C6E007A28DD /* PBXTargetDependency */,
			);
			name = KlozetTests;
			productName = KlozetTests;
			productReference = C96DEE7F22F37C6E007A28DD /* KlozetTests.xctest */;
			productType = "com.apple.product-type.bundle.unit-test";
		};
		C96DEE8922F37C6E007A28DD /* KlozetUITests */ = {
			isa = PBXNativeTarget;
			buildConfigurationList = C96DEE9922F37C6E007A28DD /* Build configuration list for PBXNativeTarget "KlozetUITests" */;
			buildPhases = (
				C96DEE8622F37C6E007A28DD /* Sources */,
				C96DEE8722F37C6E007A28DD /* Frameworks */,
				C96DEE8822F37C6E007A28DD /* Resources */,
			);
			buildRules = (
			);
			dependencies = (
				C96DEE8C22F37C6E007A28DD /* PBXTargetDependency */,
			);
			name = KlozetUITests;
			productName = KlozetUITests;
			productReference = C96DEE8A22F37C6E007A28DD /* KlozetUITests.xctest */;
			productType = "com.apple.product-type.bundle.ui-testing";
		};
/* End PBXNativeTarget section */

/* Begin PBXProject section */
		C96DEE6022F37C68007A28DD /* Project object */ = {
			isa = PBXProject;
			attributes = {
				LastSwiftUpdateCheck = 1030;
				LastUpgradeCheck = 1030;
				TargetAttributes = {
					C96DEE6722F37C68007A28DD = {
						CreatedOnToolsVersion = 10.3;
					};
					C96DEE7E22F37C6E007A28DD = {
						CreatedOnToolsVersion = 10.3;
						TestTargetID = C96DEE6722F37C68007A28DD;
					};
					C96DEE8922F37C6E007A28DD = {
						CreatedOnToolsVersion = 10.3;
						TestTargetID = C96DEE6722F37C68007A28DD;
					};
				};
			};
			buildConfigurationList = C96DEE6322F37C68007A28DD /* Build configuration list for PBXProject "Klozet" */;
			compatibilityVersion = "Xcode 9.3";
			developmentRegion = en;
			hasScannedForEncodings = 0;
			knownRegions = (
				en,
				Base,
			);
			mainGroup = C96DEE5F22F37C68007A28DD;
			productRefGroup = C96DEE6922F37C68007A28DD /* Products */;
			projectDirPath = "";
			projectRoot = "";
			targets = (
				C96DEE6722F37C68007A28DD /* Klozet */,
				C96DEE7E22F37C6E007A28DD /* KlozetTests */,
				C96DEE8922F37C6E007A28DD /* KlozetUITests */,
			);
		};
/* End PBXProject section */

/* Begin PBXResourcesBuildPhase section */
		C96DEE6622F37C68007A28DD /* Resources */ = {
			isa = PBXResourcesBuildPhase;
			buildActionMask = 2147483647;
			files = (
				C96DEE7922F37C6E007A28DD /* LaunchScreen.storyboard in Resources */,
				C96DEE7622F37C6E007A28DD /* Assets.xcassets in Resources */,
				C96DEE7122F37C68007A28DD /* Main.storyboard in Resources */,
			);
			runOnlyForDeploymentPostprocessing = 0;
		};
		C96DEE7D22F37C6E007A28DD /* Resources */ = {
			isa = PBXResourcesBuildPhase;
			buildActionMask = 2147483647;
			files = (
			);
			runOnlyForDeploymentPostprocessing = 0;
		};
		C96DEE8822F37C6E007A28DD /* Resources */ = {
			isa = PBXResourcesBuildPhase;
			buildActionMask = 2147483647;
			files = (
			);
			runOnlyForDeploymentPostprocessing = 0;
		};
/* End PBXResourcesBuildPhase section */

/* Begin PBXSourcesBuildPhase section */
		C96DEE6422F37C68007A28DD /* Sources */ = {
			isa = PBXSourcesBuildPhase;
			buildActionMask = 2147483647;
			files = (
				C96DEE6E22F37C68007A28DD /* HomeViewController.swift in Sources */,
				C96DEE7422F37C68007A28DD /* Klozet.xcdatamodeld in Sources */,
				C96DEE6C22F37C68007A28DD /* AppDelegate.swift in Sources */,
			);
			runOnlyForDeploymentPostprocessing = 0;
		};
		C96DEE7B22F37C6E007A28DD /* Sources */ = {
			isa = PBXSourcesBuildPhase;
			buildActionMask = 2147483647;
			files = (
				C96DEE8422F37C6E007A28DD /* KlozetTests.swift in Sources */,
			);
			runOnlyForDeploymentPostprocessing = 0;
		};
		C96DEE8622F37C6E007A28DD /* Sources */ = {
			isa = PBXSourcesBuildPhase;
			buildActionMask = 2147483647;
			files = (
				C96DEE8F22F37C6E007A28DD /* KlozetUITests.swift in Sources */,
			);
			runOnlyForDeploymentPostprocessing = 0;
		};
/* End PBXSourcesBuildPhase section */

/* Begin PBXTargetDependency section */
		C96DEE8122F37C6E007A28DD /* PBXTargetDependency */ = {
			isa = PBXTargetDependency;
			target = C96DEE6722F37C68007A28DD /* Klozet */;
			targetProxy = C96DEE8022F37C6E007A28DD /* PBXContainerItemProxy */;
		};
		C96DEE8C22F37C6E007A28DD /* PBXTargetDependency */ = {
			isa = PBXTargetDependency;
			target = C96DEE6722F37C68007A28DD /* Klozet */;
			targetProxy = C96DEE8B22F37C6E007A28DD /* PBXContainerItemProxy */;
		};
/* End PBXTargetDependency section */

/* Begin PBXVariantGroup section */
		C96DEE6F22F37C68007A28DD /* Main.storyboard */ = {
			isa = PBXVariantGroup;
			children = (
				C96DEE7022F37C68007A28DD /* Base */,
			);
			name = Main.storyboard;
			sourceTree = "<group>";
		};
		C96DEE7722F37C6E007A28DD /* LaunchScreen.storyboard */ = {
			isa = PBXVariantGroup;
			children = (
				C96DEE7822F37C6E007A28DD /* Base */,
			);
			name = LaunchScreen.storyboard;
			sourceTree = "<group>";
		};
/* End PBXVariantGroup section */

/* Begin XCBuildConfiguration section */
		C96DEE9122F37C6E007A28DD /* Debug */ = {
			isa = XCBuildConfiguration;
			buildSettings = {
				ALWAYS_SEARCH_USER_PATHS = NO;
				CLANG_ANALYZER_NONNULL = YES;
				CLANG_ANALYZER_NUMBER_OBJECT_CONVERSION = YES_AGGRESSIVE;
				CLANG_CXX_LANGUAGE_STANDARD = "gnu++14";
				CLANG_CXX_LIBRARY = "libc++";
				CLANG_ENABLE_MODULES = YES;
				CLANG_ENABLE_OBJC_ARC = YES;
				CLANG_ENABLE_OBJC_WEAK = YES;
				CLANG_WARN_BLOCK_CAPTURE_AUTORELEASING = YES;
				CLANG_WARN_BOOL_CONVERSION = YES;
				CLANG_WARN_COMMA = YES;
				CLANG_WARN_CONSTANT_CONVERSION = YES;
				CLANG_WARN_DEPRECATED_OBJC_IMPLEMENTATIONS = YES;
				CLANG_WARN_DIRECT_OBJC_ISA_USAGE = YES_ERROR;
				CLANG_WARN_DOCUMENTATION_COMMENTS = YES;
				CLANG_WARN_EMPTY_BODY = YES;
				CLANG_WARN_ENUM_CONVERSION = YES;
				CLANG_WARN_INFINITE_RECURSION = YES;
				CLANG_WARN_INT_CONVERSION = YES;
				CLANG_WARN_NON_LITERAL_NULL_CONVERSION = YES;
				CLANG_WARN_OBJC_IMPLICIT_RETAIN_SELF = YES;
				CLANG_WARN_OBJC_LITERAL_CONVERSION = YES;
				CLANG_WARN_OBJC_ROOT_CLASS = YES_ERROR;
				CLANG_WARN_RANGE_LOOP_ANALYSIS = YES;
				CLANG_WARN_STRICT_PROTOTYPES = YES;
				CLANG_WARN_SUSPICIOUS_MOVE = YES;
				CLANG_WARN_UNGUARDED_AVAILABILITY = YES_AGGRESSIVE;
				CLANG_WARN_UNREACHABLE_CODE = YES;
				CLANG_WARN__DUPLICATE_METHOD_MATCH = YES;
				CODE_SIGN_IDENTITY = "iPhone Developer";
				COPY_PHASE_STRIP = NO;
				DEBUG_INFORMATION_FORMAT = dwarf;
				ENABLE_STRICT_OBJC_MSGSEND = YES;
				ENABLE_TESTABILITY = YES;
				GCC_C_LANGUAGE_STANDARD = gnu11;
				GCC_DYNAMIC_NO_PIC = NO;
				GCC_NO_COMMON_BLOCKS = YES;
				GCC_OPTIMIZATION_LEVEL = 0;
				GCC_PREPROCESSOR_DEFINITIONS = (
					"DEBUG=1",
					"$(inherited)",
				);
				GCC_WARN_64_TO_32_BIT_CONVERSION = YES;
				GCC_WARN_ABOUT_RETURN_TYPE = YES_ERROR;
				GCC_WARN_UNDECLARED_SELECTOR = YES;
				GCC_WARN_UNINITIALIZED_AUTOS = YES_AGGRESSIVE;
				GCC_WARN_UNUSED_FUNCTION = YES;
				GCC_WARN_UNUSED_VARIABLE = YES;
				IPHONEOS_DEPLOYMENT_TARGET = 12.4;
				MTL_ENABLE_DEBUG_INFO = INCLUDE_SOURCE;
				MTL_FAST_MATH = YES;
				ONLY_ACTIVE_ARCH = YES;
				SDKROOT = iphoneos;
				SWIFT_ACTIVE_COMPILATION_CONDITIONS = DEBUG;
				SWIFT_OPTIMIZATION_LEVEL = "-Onone";
			};
			name = Debug;
		};
		C96DEE9222F37C6E007A28DD /* Release */ = {
			isa = XCBuildConfiguration;
			buildSettings = {
				ALWAYS_SEARCH_USER_PATHS = NO;
				CLANG_ANALYZER_NONNULL = YES;
				CLANG_ANALYZER_NUMBER_OBJECT_CONVERSION = YES_AGGRESSIVE;
				CLANG_CXX_LANGUAGE_STANDARD = "gnu++14";
				CLANG_CXX_LIBRARY = "libc++";
				CLANG_ENABLE_MODULES = YES;
				CLANG_ENABLE_OBJC_ARC = YES;
				CLANG_ENABLE_OBJC_WEAK = YES;
				CLANG_WARN_BLOCK_CAPTURE_AUTORELEASING = YES;
				CLANG_WARN_BOOL_CONVERSION = YES;
				CLANG_WARN_COMMA = YES;
				CLANG_WARN_CONSTANT_CONVERSION = YES;
				CLANG_WARN_DEPRECATED_OBJC_IMPLEMENTATIONS = YES;
				CLANG_WARN_DIRECT_OBJC_ISA_USAGE = YES_ERROR;
				CLANG_WARN_DOCUMENTATION_COMMENTS = YES;
				CLANG_WARN_EMPTY_BODY = YES;
				CLANG_WARN_ENUM_CONVERSION = YES;
				CLANG_WARN_INFINITE_RECURSION = YES;
				CLANG_WARN_INT_CONVERSION = YES;
				CLANG_WARN_NON_LITERAL_NULL_CONVERSION = YES;
				CLANG_WARN_OBJC_IMPLICIT_RETAIN_SELF = YES;
				CLANG_WARN_OBJC_LITERAL_CONVERSION = YES;
				CLANG_WARN_OBJC_ROOT_CLASS = YES_ERROR;
				CLANG_WARN_RANGE_LOOP_ANALYSIS = YES;
				CLANG_WARN_STRICT_PROTOTYPES = YES;
				CLANG_WARN_SUSPICIOUS_MOVE = YES;
				CLANG_WARN_UNGUARDED_AVAILABILITY = YES_AGGRESSIVE;
				CLANG_WARN_UNREACHABLE_CODE = YES;
				CLANG_WARN__DUPLICATE_METHOD_MATCH = YES;
				CODE_SIGN_IDENTITY = "iPhone Developer";
				COPY_PHASE_STRIP = NO;
				DEBUG_INFORMATION_FORMAT = "dwarf-with-dsym";
				ENABLE_NS_ASSERTIONS = NO;
				ENABLE_STRICT_OBJC_MSGSEND = YES;
				GCC_C_LANGUAGE_STANDARD = gnu11;
				GCC_NO_COMMON_BLOCKS = YES;
				GCC_WARN_64_TO_32_BIT_CONVERSION = YES;
				GCC_WARN_ABOUT_RETURN_TYPE = YES_ERROR;
				GCC_WARN_UNDECLARED_SELECTOR = YES;
				GCC_WARN_UNINITIALIZED_AUTOS = YES_AGGRESSIVE;
				GCC_WARN_UNUSED_FUNCTION = YES;
				GCC_WARN_UNUSED_VARIABLE = YES;
				IPHONEOS_DEPLOYMENT_TARGET = 12.4;
				MTL_ENABLE_DEBUG_INFO = NO;
				MTL_FAST_MATH = YES;
				SDKROOT = iphoneos;
				SWIFT_COMPILATION_MODE = wholemodule;
				SWIFT_OPTIMIZATION_LEVEL = "-O";
				VALIDATE_PRODUCT = YES;
			};
			name = Release;
		};
		C96DEE9422F37C6E007A28DD /* Debug */ = {
			isa = XCBuildConfiguration;
			buildSettings = {
				ASSETCATALOG_COMPILER_APPICON_NAME = AppIcon;
				CODE_SIGN_STYLE = Automatic;
				DEVELOPMENT_TEAM = H63XNGVZ25;
				INFOPLIST_FILE = "$(SRCROOT)/Klozet/Project Files/Info.plist";
				LD_RUNPATH_SEARCH_PATHS = (
					"$(inherited)",
					"@executable_path/Frameworks",
				);
				PRODUCT_BUNDLE_IDENTIFIER = vox.Klozet;
				PRODUCT_NAME = "$(TARGET_NAME)";
				SWIFT_VERSION = 5.0;
				TARGETED_DEVICE_FAMILY = "1,2";
			};
			name = Debug;
		};
		C96DEE9522F37C6E007A28DD /* Release */ = {
			isa = XCBuildConfiguration;
			buildSettings = {
				ASSETCATALOG_COMPILER_APPICON_NAME = AppIcon;
				CODE_SIGN_STYLE = Automatic;
				DEVELOPMENT_TEAM = H63XNGVZ25;
				INFOPLIST_FILE = "$(SRCROOT)/Klozet/Project Files/Info.plist";
				LD_RUNPATH_SEARCH_PATHS = (
					"$(inherited)",
					"@executable_path/Frameworks",
				);
				PRODUCT_BUNDLE_IDENTIFIER = vox.Klozet;
				PRODUCT_NAME = "$(TARGET_NAME)";
				SWIFT_VERSION = 5.0;
				TARGETED_DEVICE_FAMILY = "1,2";
			};
			name = Release;
		};
		C96DEE9722F37C6E007A28DD /* Debug */ = {
			isa = XCBuildConfiguration;
			buildSettings = {
				ALWAYS_EMBED_SWIFT_STANDARD_LIBRARIES = YES;
				BUNDLE_LOADER = "$(TEST_HOST)";
				CODE_SIGN_STYLE = Automatic;
				DEVELOPMENT_TEAM = H63XNGVZ25;
				INFOPLIST_FILE = KlozetTests/Info.plist;
				LD_RUNPATH_SEARCH_PATHS = (
					"$(inherited)",
					"@executable_path/Frameworks",
					"@loader_path/Frameworks",
				);
				PRODUCT_BUNDLE_IDENTIFIER = vox.KlozetTests;
				PRODUCT_NAME = "$(TARGET_NAME)";
				SWIFT_VERSION = 5.0;
				TARGETED_DEVICE_FAMILY = "1,2";
				TEST_HOST = "$(BUILT_PRODUCTS_DIR)/Klozet.app/Klozet";
			};
			name = Debug;
		};
		C96DEE9822F37C6E007A28DD /* Release */ = {
			isa = XCBuildConfiguration;
			buildSettings = {
				ALWAYS_EMBED_SWIFT_STANDARD_LIBRARIES = YES;
				BUNDLE_LOADER = "$(TEST_HOST)";
				CODE_SIGN_STYLE = Automatic;
				DEVELOPMENT_TEAM = H63XNGVZ25;
				INFOPLIST_FILE = KlozetTests/Info.plist;
				LD_RUNPATH_SEARCH_PATHS = (
					"$(inherited)",
					"@executable_path/Frameworks",
					"@loader_path/Frameworks",
				);
				PRODUCT_BUNDLE_IDENTIFIER = vox.KlozetTests;
				PRODUCT_NAME = "$(TARGET_NAME)";
				SWIFT_VERSION = 5.0;
				TARGETED_DEVICE_FAMILY = "1,2";
				TEST_HOST = "$(BUILT_PRODUCTS_DIR)/Klozet.app/Klozet";
			};
			name = Release;
		};
		C96DEE9A22F37C6E007A28DD /* Debug */ = {
			isa = XCBuildConfiguration;
			buildSettings = {
				ALWAYS_EMBED_SWIFT_STANDARD_LIBRARIES = YES;
				CODE_SIGN_STYLE = Automatic;
				DEVELOPMENT_TEAM = H63XNGVZ25;
				INFOPLIST_FILE = KlozetUITests/Info.plist;
				LD_RUNPATH_SEARCH_PATHS = (
					"$(inherited)",
					"@executable_path/Frameworks",
					"@loader_path/Frameworks",
				);
				PRODUCT_BUNDLE_IDENTIFIER = vox.KlozetUITests;
				PRODUCT_NAME = "$(TARGET_NAME)";
				SWIFT_VERSION = 5.0;
				TARGETED_DEVICE_FAMILY = "1,2";
				TEST_TARGET_NAME = Klozet;
			};
			name = Debug;
		};
		C96DEE9B22F37C6E007A28DD /* Release */ = {
			isa = XCBuildConfiguration;
			buildSettings = {
				ALWAYS_EMBED_SWIFT_STANDARD_LIBRARIES = YES;
				CODE_SIGN_STYLE = Automatic;
				DEVELOPMENT_TEAM = H63XNGVZ25;
				INFOPLIST_FILE = KlozetUITests/Info.plist;
				LD_RUNPATH_SEARCH_PATHS = (
					"$(inherited)",
					"@executable_path/Frameworks",
					"@loader_path/Frameworks",
				);
				PRODUCT_BUNDLE_IDENTIFIER = vox.KlozetUITests;
				PRODUCT_NAME = "$(TARGET_NAME)";
				SWIFT_VERSION = 5.0;
				TARGETED_DEVICE_FAMILY = "1,2";
				TEST_TARGET_NAME = Klozet;
			};
			name = Release;
		};
/* End XCBuildConfiguration section */

/* Begin XCConfigurationList section */
		C96DEE6322F37C68007A28DD /* Build configuration list for PBXProject "Klozet" */ = {
			isa = XCConfigurationList;
			buildConfigurations = (
				C96DEE9122F37C6E007A28DD /* Debug */,
				C96DEE9222F37C6E007A28DD /* Release */,
			);
			defaultConfigurationIsVisible = 0;
			defaultConfigurationName = Release;
		};
		C96DEE9322F37C6E007A28DD /* Build configuration list for PBXNativeTarget "Klozet" */ = {
			isa = XCConfigurationList;
			buildConfigurations = (
				C96DEE9422F37C6E007A28DD /* Debug */,
				C96DEE9522F37C6E007A28DD /* Release */,
			);
			defaultConfigurationIsVisible = 0;
			defaultConfigurationName = Release;
		};
		C96DEE9622F37C6E007A28DD /* Build configuration list for PBXNativeTarget "KlozetTests" */ = {
			isa = XCConfigurationList;
			buildConfigurations = (
				C96DEE9722F37C6E007A28DD /* Debug */,
				C96DEE9822F37C6E007A28DD /* Release */,
			);
			defaultConfigurationIsVisible = 0;
			defaultConfigurationName = Release;
		};
		C96DEE9922F37C6E007A28DD /* Build configuration list for PBXNativeTarget "KlozetUITests" */ = {
			isa = XCConfigurationList;
			buildConfigurations = (
				C96DEE9A22F37C6E007A28DD /* Debug */,
				C96DEE9B22F37C6E007A28DD /* Release */,
			);
			defaultConfigurationIsVisible = 0;
			defaultConfigurationName = Release;
		};
/* End XCConfigurationList section */

/* Begin XCVersionGroup section */
		C96DEE7222F37C68007A28DD /* Klozet.xcdatamodeld */ = {
			isa = XCVersionGroup;
			children = (
				C96DEE7322F37C68007A28DD /* Klozet.xcdatamodel */,
			);
			currentVersion = C96DEE7322F37C68007A28DD /* Klozet.xcdatamodel */;
			path = Klozet.xcdatamodeld;
			sourceTree = "<group>";
			versionGroupType = wrapper.xcdatamodel;
		};
/* End XCVersionGroup section */
	};
	rootObject = C96DEE6022F37C68007A28DD /* Project object */;
}
